{
    "_readme": [
        "This file locks the dependencies of your project to a known state",
        "Read more about it at https://getcomposer.org/doc/01-basic-usage.md#installing-dependencies",
        "This file is @generated automatically"
    ],
    "content-hash": "c8b2347cd5c92c066a2d186ec2b6c936",
    "packages": [
        {
            "name": "bower-asset/jquery",
            "version": "3.7.1",
            "source": {
                "type": "git",
                "url": "https://github.com/jquery/jquery-dist.git",
                "reference": "fde1f76e2799dd877c176abde0ec836553246991"
            },
            "dist": {
                "type": "zip",
                "url": "https://api.github.com/repos/jquery/jquery-dist/zipball/fde1f76e2799dd877c176abde0ec836553246991",
                "reference": "fde1f76e2799dd877c176abde0ec836553246991"
            },
            "type": "bower-asset",
            "license": [
                "MIT"
            ]
        }
    ],
    "packages-dev": [],
    "aliases": [],
    "minimum-stability": "stable",
    "stability-flags": {},
    "prefer-stable": false,
    "prefer-lowest": false,
    "platform": {},
    "platform-dev": {},
    "plugin-api-version": "2.9.0"
}
